# This file is automatically @generated by Cargo.
# It is not intended for manual editing.
[[package]]
name = "conways_gol"
version = "0.1.0"
dependencies = [
 "das-grid",
]

[[package]]
name = "das-grid"
version = "0.1.5"
source = "registry+https://github.com/rust-lang/crates.io-index"
checksum = "3ac0cb7576360b4b902def0356d73058cc0970b649c30dcdf8ca899192b6696d"
